
Microsoft Visual Studio Solution File, Format Version 12.00
# Visual Studio 15
VisualStudioVersion = 15.0.26730.16
MinimumVisualStudioVersion = 10.0.40219.1
Project("{FAE04EC0-301F-11D3-BF4B-00C04F79EFBC}") = "AirMonit", "AirMonit\AirMonit.csproj", "{48C5613D-D700-4D8A-9960-897A07E83926}"
EndProject
Project("{FAE04EC0-301F-11D3-BF4B-00C04F79EFBC}") = "AirMonit_DU", "AirMonit_DU\AirMonit_DU.csproj", "{158205E2-1DC9-4109-864C-2C6113F8274F}"
EndProject
Project("{FAE04EC0-301F-11D3-BF4B-00C04F79EFBC}") = "AirMonit_DLog", "AirMonit_DLog\AirMonit_DLog.csproj", "{804071E8-E366-4019-817A-617B21B90BDF}"
EndProject
Global
	GlobalSection(SolutionConfigurationPlatforms) = preSolution
		Debug|Any CPU = Debug|Any CPU
		Release|Any CPU = Release|Any CPU
	EndGlobalSection
	GlobalSection(ProjectConfigurationPlatforms) = postSolution
		{48C5613D-D700-4D8A-9960-897A07E83926}.Debug|Any CPU.ActiveCfg = Debug|Any CPU
		{48C5613D-D700-4D8A-9960-897A07E83926}.Debug|Any CPU.Build.0 = Debug|Any CPU
		{48C5613D-D700-4D8A-9960-897A07E83926}.Release|Any CPU.ActiveCfg = Release|Any CPU
		{48C5613D-D700-4D8A-9960-897A07E83926}.Release|Any CPU.Build.0 = Release|Any CPU
		{158205E2-1DC9-4109-864C-2C6113F8274F}.Debug|Any CPU.ActiveCfg = Debug|Any CPU
		{158205E2-1DC9-4109-864C-2C6113F8274F}.Debug|Any CPU.Build.0 = Debug|Any CPU
		{158205E2-1DC9-4109-864C-2C6113F8274F}.Release|Any CPU.ActiveCfg = Release|Any CPU
		{158205E2-1DC9-4109-864C-2C6113F8274F}.Release|Any CPU.Build.0 = Release|Any CPU
		{804071E8-E366-4019-817A-617B21B90BDF}.Debug|Any CPU.ActiveCfg = Debug|Any CPU
		{804071E8-E366-4019-817A-617B21B90BDF}.Debug|Any CPU.Build.0 = Debug|Any CPU
		{804071E8-E366-4019-817A-617B21B90BDF}.Release|Any CPU.ActiveCfg = Release|Any CPU
		{804071E8-E366-4019-817A-617B21B90BDF}.Release|Any CPU.Build.0 = Release|Any CPU
	EndGlobalSection
	GlobalSection(SolutionProperties) = preSolution
		HideSolutionNode = FALSE
	EndGlobalSection
	GlobalSection(ExtensibilityGlobals) = postSolution
		SolutionGuid = {6B941167-1D13-4760-BE96-6441898C4A9B}
	EndGlobalSection
EndGlobal
